{
    "name": "node-red-project",
    "version": "0.0.1",
    "lockfileVersion": 2,
    "requires": true,
    "packages": {
        "": {
            "name": "node-red-project",
            "version": "0.0.1",
            "dependencies": {
                "node-red-contrib-looptimer-advanced": "~0.0.3"
            }
        },
        "node_modules/future": {
            "version": "2.3.1",
            "resolved": "https://registry.npmjs.org/future/-/future-2.3.1.tgz",
            "integrity": "sha1-LTJ+BhHdVvrHES0FfHmcSF7CO+k=",
            "engines": {
                "ender": ">= 0.5.0",
                "node": "*"
            }
        },
        "node_modules/loop": {
            "version": "2.1.2",
            "resolved": "https://registry.npmjs.org/loop/-/loop-2.1.2.tgz",
            "integrity": "sha1-hatG5jmSGrJkv+QShupc5RqHPdM=",
            "dependencies": {
                "future": "2.x"
            },
            "engines": {
                "ender": ">= 0.5.0",
                "node": "*"
            }
        },
        "node_modules/node-red-contrib-looptimer-advanced": {
            "version": "0.0.3",
            "resolved": "https://registry.npmjs.org/node-red-contrib-looptimer-advanced/-/node-red-contrib-looptimer-advanced-0.0.3.tgz",
            "integrity": "sha512-xgxQiXU2vCf9eOaTGtlVBqDr7eOIocspvS+5sBTUXjQnSX+T+PWSV+slaL3/xCqmynp9PFwKrR9gq3p53iCFTw==",
            "dependencies": {
                "loop": "2.1.2"
            }
        }
    },
    "dependencies": {
        "future": {
            "version": "2.3.1",
            "resolved": "https://registry.npmjs.org/future/-/future-2.3.1.tgz",
            "integrity": "sha1-LTJ+BhHdVvrHES0FfHmcSF7CO+k="
        },
        "loop": {
            "version": "2.1.2",
            "resolved": "https://registry.npmjs.org/loop/-/loop-2.1.2.tgz",
            "integrity": "sha1-hatG5jmSGrJkv+QShupc5RqHPdM=",
            "requires": {
                "future": "2.x"
            }
        },
        "node-red-contrib-looptimer-advanced": {
            "version": "0.0.3",
            "resolved": "https://registry.npmjs.org/node-red-contrib-looptimer-advanced/-/node-red-contrib-looptimer-advanced-0.0.3.tgz",
            "integrity": "sha512-xgxQiXU2vCf9eOaTGtlVBqDr7eOIocspvS+5sBTUXjQnSX+T+PWSV+slaL3/xCqmynp9PFwKrR9gq3p53iCFTw==",
            "requires": {
                "loop": "2.1.2"
            }
        }
    }
}
